
Microsoft Visual Studio Solution File, Format Version 12.00
# Visual Studio for Mac
Project("{FAE04EC0-301F-11D3-BF4B-00C04F79EFBC}") = "Assembly-CSharp", "Assembly-CSharp.csproj", "{39664B9F-7AA6-FED4-AA2C-13CF9BDE5EA2}"
EndProject
Project("{FAE04EC0-301F-11D3-BF4B-00C04F79EFBC}") = "Assembly-CSharp-Editor", "Assembly-CSharp-Editor.csproj", "{59AF9937-57A8-ABD4-9FB0-0823FA41727B}"
EndProject
Global
	GlobalSection(SolutionConfigurationPlatforms) = preSolution
		Debug|Any CPU = Debug|Any CPU
		Release|Any CPU = Release|Any CPU
	EndGlobalSection
	GlobalSection(ProjectConfigurationPlatforms) = postSolution
		{39664B9F-7AA6-FED4-AA2C-13CF9BDE5EA2}.Debug|Any CPU.ActiveCfg = Debug|Any CPU
		{39664B9F-7AA6-FED4-AA2C-13CF9BDE5EA2}.Debug|Any CPU.Build.0 = Debug|Any CPU
		{39664B9F-7AA6-FED4-AA2C-13CF9BDE5EA2}.Release|Any CPU.ActiveCfg = Release|Any CPU
		{39664B9F-7AA6-FED4-AA2C-13CF9BDE5EA2}.Release|Any CPU.Build.0 = Release|Any CPU
		{59AF9937-57A8-ABD4-9FB0-0823FA41727B}.Debug|Any CPU.ActiveCfg = Debug|Any CPU
		{59AF9937-57A8-ABD4-9FB0-0823FA41727B}.Debug|Any CPU.Build.0 = Debug|Any CPU
		{59AF9937-57A8-ABD4-9FB0-0823FA41727B}.Release|Any CPU.ActiveCfg = Release|Any CPU
		{59AF9937-57A8-ABD4-9FB0-0823FA41727B}.Release|Any CPU.Build.0 = Release|Any CPU
	EndGlobalSection
	GlobalSection(SolutionProperties) = preSolution
		HideSolutionNode = FALSE
	EndGlobalSection
EndGlobal
